// !$*UTF8*$!
{
	archiveVersion = 1;
	classes = {
	};
	objectVersion = 50;
	objects = {

/* Begin PBXBuildFile section */
		76487A48221DEB87000361F1 /* AppDelegate.swift in Sources */ = {isa = PBXBuildFile; fileRef = 76487A47221DEB87000361F1 /* AppDelegate.swift */; };
		76487A4A221DEB87000361F1 /* ViewController.swift in Sources */ = {isa = PBXBuildFile; fileRef = 76487A49221DEB87000361F1 /* ViewController.swift */; };
		76487A4D221DEB87000361F1 /* Main.storyboard in Resources */ = {isa = PBXBuildFile; fileRef = 76487A4B221DEB87000361F1 /* Main.storyboard */; };
		76487A50221DEB87000361F1 /* HackSpace.xcdatamodeld in Sources */ = {isa = PBXBuildFile; fileRef = 76487A4E221DEB87000361F1 /* HackSpace.xcdatamodeld */; };
		76487A52221DEB88000361F1 /* Assets.xcassets in Resources */ = {isa = PBXBuildFile; fileRef = 76487A51221DEB88000361F1 /* Assets.xcassets */; };
		76487A55221DEB88000361F1 /* LaunchScreen.storyboard in Resources */ = {isa = PBXBuildFile; fileRef = 76487A53221DEB88000361F1 /* LaunchScreen.storyboard */; };
		76487A7E221DF972000361F1 /* MenuHacksCell.swift in Sources */ = {isa = PBXBuildFile; fileRef = 76487A7D221DF972000361F1 /* MenuHacksCell.swift */; };
		76487A81221F3521000361F1 /* Hackathon.swift in Sources */ = {isa = PBXBuildFile; fileRef = 76487A80221F3521000361F1 /* Hackathon.swift */; };
		76487A84221F3A54000361F1 /* hackimage.jpg in Resources */ = {isa = PBXBuildFile; fileRef = 76487A83221F3A54000361F1 /* hackimage.jpg */; };
		76487A86221F3F28000361F1 /* Заметки in Resources */ = {isa = PBXBuildFile; fileRef = 76487A85221F3F28000361F1 /* Заметки */; };
		76487A88221F4119000361F1 /* hamb.png in Resources */ = {isa = PBXBuildFile; fileRef = 76487A87221F4119000361F1 /* hamb.png */; };
		76487A8A221F42C4000361F1 /* hamb1.jpg in Resources */ = {isa = PBXBuildFile; fileRef = 76487A89221F42C4000361F1 /* hamb1.jpg */; };
		764E5F3F222B2F71002A3A00 /* Organization.swift in Sources */ = {isa = PBXBuildFile; fileRef = 764E5F3E222B2F71002A3A00 /* Organization.swift */; };
		76FA85962222D5AE008EB1E2 /* HackInfoController.swift in Sources */ = {isa = PBXBuildFile; fileRef = 76FA85952222D5AE008EB1E2 /* HackInfoController.swift */; };
/* End PBXBuildFile section */

/* Begin PBXFileReference section */
		76487A44221DEB87000361F1 /* HackSpace.app */ = {isa = PBXFileReference; explicitFileType = wrapper.application; includeInIndex = 0; path = HackSpace.app; sourceTree = BUILT_PRODUCTS_DIR; };
		76487A47221DEB87000361F1 /* AppDelegate.swift */ = {isa = PBXFileReference; lastKnownFileType = sourcecode.swift; path = AppDelegate.swift; sourceTree = "<group>"; };
		76487A49221DEB87000361F1 /* ViewController.swift */ = {isa = PBXFileReference; lastKnownFileType = sourcecode.swift; path = ViewController.swift; sourceTree = "<group>"; };
		76487A4C221DEB87000361F1 /* Base */ = {isa = PBXFileReference; lastKnownFileType = file.storyboard; name = Base; path = Base.lproj/Main.storyboard; sourceTree = "<group>"; };
		76487A4F221DEB87000361F1 /* HackSpace.xcdatamodel */ = {isa = PBXFileReference; lastKnownFileType = wrapper.xcdatamodel; path = HackSpace.xcdatamodel; sourceTree = "<group>"; };
		76487A51221DEB88000361F1 /* Assets.xcassets */ = {isa = PBXFileReference; lastKnownFileType = folder.assetcatalog; path = Assets.xcassets; sourceTree = "<group>"; };
		76487A54221DEB88000361F1 /* Base */ = {isa = PBXFileReference; lastKnownFileType = file.storyboard; name = Base; path = Base.lproj/LaunchScreen.storyboard; sourceTree = "<group>"; };
		76487A56221DEB88000361F1 /* Info.plist */ = {isa = PBXFileReference; lastKnownFileType = text.plist.xml; path = Info.plist; sourceTree = "<group>"; };
		76487A7D221DF972000361F1 /* MenuHacksCell.swift */ = {isa = PBXFileReference; lastKnownFileType = sourcecode.swift; path = MenuHacksCell.swift; sourceTree = "<group>"; };
		76487A80221F3521000361F1 /* Hackathon.swift */ = {isa = PBXFileReference; lastKnownFileType = sourcecode.swift; path = Hackathon.swift; sourceTree = "<group>"; };
		76487A83221F3A54000361F1 /* hackimage.jpg */ = {isa = PBXFileReference; lastKnownFileType = image.jpeg; path = hackimage.jpg; sourceTree = "<group>"; };
		76487A85221F3F28000361F1 /* Заметки */ = {isa = PBXFileReference; lastKnownFileType = text; path = "Заметки"; sourceTree = "<group>"; };
		76487A87221F4119000361F1 /* hamb.png */ = {isa = PBXFileReference; lastKnownFileType = image.png; path = hamb.png; sourceTree = "<group>"; };
		76487A89221F42C4000361F1 /* hamb1.jpg */ = {isa = PBXFileReference; lastKnownFileType = image.jpeg; path = hamb1.jpg; sourceTree = "<group>"; };
		764E5F3E222B2F71002A3A00 /* Organization.swift */ = {isa = PBXFileReference; lastKnownFileType = sourcecode.swift; path = Organization.swift; sourceTree = "<group>"; };
		76FA85952222D5AE008EB1E2 /* HackInfoController.swift */ = {isa = PBXFileReference; lastKnownFileType = sourcecode.swift; path = HackInfoController.swift; sourceTree = "<group>"; };
/* End PBXFileReference section */

/* Begin PBXFrameworksBuildPhase section */
		76487A41221DEB87000361F1 /* Frameworks */ = {
			isa = PBXFrameworksBuildPhase;
			buildActionMask = 2147483647;
			files = (
			);
			runOnlyForDeploymentPostprocessing = 0;
		};
/* End PBXFrameworksBuildPhase section */

/* Begin PBXGroup section */
		76487A3B221DEB87000361F1 = {
			isa = PBXGroup;
			children = (
				76487A46221DEB87000361F1 /* HackSpace */,
				76487A45221DEB87000361F1 /* Products */,
			);
			sourceTree = "<group>";
		};
		76487A45221DEB87000361F1 /* Products */ = {
			isa = PBXGroup;
			children = (
				76487A44221DEB87000361F1 /* HackSpace.app */,
			);
			name = Products;
			sourceTree = "<group>";
		};
		76487A46221DEB87000361F1 /* HackSpace */ = {
			isa = PBXGroup;
			children = (
				76487A82221F3A38000361F1 /* Images */,
				76487A7F221F34CD000361F1 /* Data */,
				76487A47221DEB87000361F1 /* AppDelegate.swift */,
				76487A49221DEB87000361F1 /* ViewController.swift */,
				76487A4B221DEB87000361F1 /* Main.storyboard */,
				76487A51221DEB88000361F1 /* Assets.xcassets */,
				76487A53221DEB88000361F1 /* LaunchScreen.storyboard */,
				76487A56221DEB88000361F1 /* Info.plist */,
				76487A4E221DEB87000361F1 /* HackSpace.xcdatamodeld */,
				76487A7D221DF972000361F1 /* MenuHacksCell.swift */,
				76487A85221F3F28000361F1 /* Заметки */,
				76FA85952222D5AE008EB1E2 /* HackInfoController.swift */,
			);
			path = HackSpace;
			sourceTree = "<group>";
		};
		76487A7F221F34CD000361F1 /* Data */ = {
			isa = PBXGroup;
			children = (
				76487A80221F3521000361F1 /* Hackathon.swift */,
				764E5F3E222B2F71002A3A00 /* Organization.swift */,
			);
			path = Data;
			sourceTree = "<group>";
		};
		76487A82221F3A38000361F1 /* Images */ = {
			isa = PBXGroup;
			children = (
				76487A87221F4119000361F1 /* hamb.png */,
				76487A89221F42C4000361F1 /* hamb1.jpg */,
				76487A83221F3A54000361F1 /* hackimage.jpg */,
			);
			path = Images;
			sourceTree = "<group>";
		};
/* End PBXGroup section */

/* Begin PBXNativeTarget section */
		76487A43221DEB87000361F1 /* HackSpace */ = {
			isa = PBXNativeTarget;
			buildConfigurationList = 76487A59221DEB88000361F1 /* Build configuration list for PBXNativeTarget "HackSpace" */;
			buildPhases = (
				76487A40221DEB87000361F1 /* Sources */,
				76487A41221DEB87000361F1 /* Frameworks */,
				76487A42221DEB87000361F1 /* Resources */,
			);
			buildRules = (
			);
			dependencies = (
			);
			name = HackSpace;
			productName = HackSpace;
			productReference = 76487A44221DEB87000361F1 /* HackSpace.app */;
			productType = "com.apple.product-type.application";
		};
/* End PBXNativeTarget section */

/* Begin PBXProject section */
		76487A3C221DEB87000361F1 /* Project object */ = {
			isa = PBXProject;
			attributes = {
				LastSwiftUpdateCheck = 1000;
				LastUpgradeCheck = 1000;
				ORGANIZATIONNAME = HSEProject;
				TargetAttributes = {
					76487A43221DEB87000361F1 = {
						CreatedOnToolsVersion = 10.0;
					};
				};
			};
			buildConfigurationList = 76487A3F221DEB87000361F1 /* Build configuration list for PBXProject "HackSpace" */;
			compatibilityVersion = "Xcode 9.3";
			developmentRegion = en;
			hasScannedForEncodings = 0;
			knownRegions = (
				en,
				Base,
			);
			mainGroup = 76487A3B221DEB87000361F1;
			productRefGroup = 76487A45221DEB87000361F1 /* Products */;
			projectDirPath = "";
			projectRoot = "";
			targets = (
				76487A43221DEB87000361F1 /* HackSpace */,
			);
		};
/* End PBXProject section */

/* Begin PBXResourcesBuildPhase section */
		76487A42221DEB87000361F1 /* Resources */ = {
			isa = PBXResourcesBuildPhase;
			buildActionMask = 2147483647;
			files = (
				76487A55221DEB88000361F1 /* LaunchScreen.storyboard in Resources */,
				76487A52221DEB88000361F1 /* Assets.xcassets in Resources */,
				76487A84221F3A54000361F1 /* hackimage.jpg in Resources */,
				76487A4D221DEB87000361F1 /* Main.storyboard in Resources */,
				76487A8A221F42C4000361F1 /* hamb1.jpg in Resources */,
				76487A86221F3F28000361F1 /* Заметки in Resources */,
				76487A88221F4119000361F1 /* hamb.png in Resources */,
			);
			runOnlyForDeploymentPostprocessing = 0;
		};
/* End PBXResourcesBuildPhase section */

/* Begin PBXSourcesBuildPhase section */
		76487A40221DEB87000361F1 /* Sources */ = {
			isa = PBXSourcesBuildPhase;
			buildActionMask = 2147483647;
			files = (
				76FA85962222D5AE008EB1E2 /* HackInfoController.swift in Sources */,
				76487A4A221DEB87000361F1 /* ViewController.swift in Sources */,
				76487A7E221DF972000361F1 /* MenuHacksCell.swift in Sources */,
				76487A81221F3521000361F1 /* Hackathon.swift in Sources */,
				764E5F3F222B2F71002A3A00 /* Organization.swift in Sources */,
				76487A48221DEB87000361F1 /* AppDelegate.swift in Sources */,
				76487A50221DEB87000361F1 /* HackSpace.xcdatamodeld in Sources */,
			);
			runOnlyForDeploymentPostprocessing = 0;
		};
/* End PBXSourcesBuildPhase section */

/* Begin PBXVariantGroup section */
		76487A4B221DEB87000361F1 /* Main.storyboard */ = {
			isa = PBXVariantGroup;
			children = (
				76487A4C221DEB87000361F1 /* Base */,
			);
			name = Main.storyboard;
			sourceTree = "<group>";
		};
		76487A53221DEB88000361F1 /* LaunchScreen.storyboard */ = {
			isa = PBXVariantGroup;
			children = (
				76487A54221DEB88000361F1 /* Base */,
			);
			name = LaunchScreen.storyboard;
			sourceTree = "<group>";
		};
/* End PBXVariantGroup section */

/* Begin XCBuildConfiguration section */
		76487A57221DEB88000361F1 /* Debug */ = {
			isa = XCBuildConfiguration;
			buildSettings = {
				ALWAYS_SEARCH_USER_PATHS = NO;
				CLANG_ANALYZER_NONNULL = YES;
				CLANG_ANALYZER_NUMBER_OBJECT_CONVERSION = YES_AGGRESSIVE;
				CLANG_CXX_LANGUAGE_STANDARD = "gnu++14";
				CLANG_CXX_LIBRARY = "libc++";
				CLANG_ENABLE_MODULES = YES;
				CLANG_ENABLE_OBJC_ARC = YES;
				CLANG_ENABLE_OBJC_WEAK = YES;
				CLANG_WARN_BLOCK_CAPTURE_AUTORELEASING = YES;
				CLANG_WARN_BOOL_CONVERSION = YES;
				CLANG_WARN_COMMA = YES;
				CLANG_WARN_CONSTANT_CONVERSION = YES;
				CLANG_WARN_DEPRECATED_OBJC_IMPLEMENTATIONS = YES;
				CLANG_WARN_DIRECT_OBJC_ISA_USAGE = YES_ERROR;
				CLANG_WARN_DOCUMENTATION_COMMENTS = YES;
				CLANG_WARN_EMPTY_BODY = YES;
				CLANG_WARN_ENUM_CONVERSION = YES;
				CLANG_WARN_INFINITE_RECURSION = YES;
				CLANG_WARN_INT_CONVERSION = YES;
				CLANG_WARN_NON_LITERAL_NULL_CONVERSION = YES;
				CLANG_WARN_OBJC_IMPLICIT_RETAIN_SELF = YES;
				CLANG_WARN_OBJC_LITERAL_CONVERSION = YES;
				CLANG_WARN_OBJC_ROOT_CLASS = YES_ERROR;
				CLANG_WARN_RANGE_LOOP_ANALYSIS = YES;
				CLANG_WARN_STRICT_PROTOTYPES = YES;
				CLANG_WARN_SUSPICIOUS_MOVE = YES;
				CLANG_WARN_UNGUARDED_AVAILABILITY = YES_AGGRESSIVE;
				CLANG_WARN_UNREACHABLE_CODE = YES;
				CLANG_WARN__DUPLICATE_METHOD_MATCH = YES;
				CODE_SIGN_IDENTITY = "iPhone Developer";
				COPY_PHASE_STRIP = NO;
				DEBUG_INFORMATION_FORMAT = dwarf;
				ENABLE_STRICT_OBJC_MSGSEND = YES;
				ENABLE_TESTABILITY = YES;
				GCC_C_LANGUAGE_STANDARD = gnu11;
				GCC_DYNAMIC_NO_PIC = NO;
				GCC_NO_COMMON_BLOCKS = YES;
				GCC_OPTIMIZATION_LEVEL = 0;
				GCC_PREPROCESSOR_DEFINITIONS = (
					"DEBUG=1",
					"$(inherited)",
				);
				GCC_WARN_64_TO_32_BIT_CONVERSION = YES;
				GCC_WARN_ABOUT_RETURN_TYPE = YES_ERROR;
				GCC_WARN_UNDECLARED_SELECTOR = YES;
				GCC_WARN_UNINITIALIZED_AUTOS = YES_AGGRESSIVE;
				GCC_WARN_UNUSED_FUNCTION = YES;
				GCC_WARN_UNUSED_VARIABLE = YES;
				IPHONEOS_DEPLOYMENT_TARGET = 12.0;
				MTL_ENABLE_DEBUG_INFO = INCLUDE_SOURCE;
				ONLY_ACTIVE_ARCH = YES;
				SDKROOT = iphoneos;
				SWIFT_ACTIVE_COMPILATION_CONDITIONS = DEBUG;
				SWIFT_OPTIMIZATION_LEVEL = "-Onone";
			};
			name = Debug;
		};
		76487A58221DEB88000361F1 /* Release */ = {
			isa = XCBuildConfiguration;
			buildSettings = {
				ALWAYS_SEARCH_USER_PATHS = NO;
				CLANG_ANALYZER_NONNULL = YES;
				CLANG_ANALYZER_NUMBER_OBJECT_CONVERSION = YES_AGGRESSIVE;
				CLANG_CXX_LANGUAGE_STANDARD = "gnu++14";
				CLANG_CXX_LIBRARY = "libc++";
				CLANG_ENABLE_MODULES = YES;
				CLANG_ENABLE_OBJC_ARC = YES;
				CLANG_ENABLE_OBJC_WEAK = YES;
				CLANG_WARN_BLOCK_CAPTURE_AUTORELEASING = YES;
				CLANG_WARN_BOOL_CONVERSION = YES;
				CLANG_WARN_COMMA = YES;
				CLANG_WARN_CONSTANT_CONVERSION = YES;
				CLANG_WARN_DEPRECATED_OBJC_IMPLEMENTATIONS = YES;
				CLANG_WARN_DIRECT_OBJC_ISA_USAGE = YES_ERROR;
				CLANG_WARN_DOCUMENTATION_COMMENTS = YES;
				CLANG_WARN_EMPTY_BODY = YES;
				CLANG_WARN_ENUM_CONVERSION = YES;
				CLANG_WARN_INFINITE_RECURSION = YES;
				CLANG_WARN_INT_CONVERSION = YES;
				CLANG_WARN_NON_LITERAL_NULL_CONVERSION = YES;
				CLANG_WARN_OBJC_IMPLICIT_RETAIN_SELF = YES;
				CLANG_WARN_OBJC_LITERAL_CONVERSION = YES;
				CLANG_WARN_OBJC_ROOT_CLASS = YES_ERROR;
				CLANG_WARN_RANGE_LOOP_ANALYSIS = YES;
				CLANG_WARN_STRICT_PROTOTYPES = YES;
				CLANG_WARN_SUSPICIOUS_MOVE = YES;
				CLANG_WARN_UNGUARDED_AVAILABILITY = YES_AGGRESSIVE;
				CLANG_WARN_UNREACHABLE_CODE = YES;
				CLANG_WARN__DUPLICATE_METHOD_MATCH = YES;
				CODE_SIGN_IDENTITY = "iPhone Developer";
				COPY_PHASE_STRIP = NO;
				DEBUG_INFORMATION_FORMAT = "dwarf-with-dsym";
				ENABLE_NS_ASSERTIONS = NO;
				ENABLE_STRICT_OBJC_MSGSEND = YES;
				GCC_C_LANGUAGE_STANDARD = gnu11;
				GCC_NO_COMMON_BLOCKS = YES;
				GCC_WARN_64_TO_32_BIT_CONVERSION = YES;
				GCC_WARN_ABOUT_RETURN_TYPE = YES_ERROR;
				GCC_WARN_UNDECLARED_SELECTOR = YES;
				GCC_WARN_UNINITIALIZED_AUTOS = YES_AGGRESSIVE;
				GCC_WARN_UNUSED_FUNCTION = YES;
				GCC_WARN_UNUSED_VARIABLE = YES;
				IPHONEOS_DEPLOYMENT_TARGET = 12.0;
				MTL_ENABLE_DEBUG_INFO = NO;
				SDKROOT = iphoneos;
				SWIFT_COMPILATION_MODE = wholemodule;
				SWIFT_OPTIMIZATION_LEVEL = "-O";
				VALIDATE_PRODUCT = YES;
			};
			name = Release;
		};
		76487A5A221DEB88000361F1 /* Debug */ = {
			isa = XCBuildConfiguration;
			buildSettings = {
				ASSETCATALOG_COMPILER_APPICON_NAME = AppIcon;
				CODE_SIGN_STYLE = Automatic;
				INFOPLIST_FILE = HackSpace/Info.plist;
				LD_RUNPATH_SEARCH_PATHS = (
					"$(inherited)",
					"@executable_path/Frameworks",
				);
				PRODUCT_BUNDLE_IDENTIFIER = HSE.HackSpace;
				PRODUCT_NAME = "$(TARGET_NAME)";
				SWIFT_VERSION = 4.2;
				TARGETED_DEVICE_FAMILY = "1,2";
			};
			name = Debug;
		};
		76487A5B221DEB88000361F1 /* Release */ = {
			isa = XCBuildConfiguration;
			buildSettings = {
				ASSETCATALOG_COMPILER_APPICON_NAME = AppIcon;
				CODE_SIGN_STYLE = Automatic;
				INFOPLIST_FILE = HackSpace/Info.plist;
				LD_RUNPATH_SEARCH_PATHS = (
					"$(inherited)",
					"@executable_path/Frameworks",
				);
				PRODUCT_BUNDLE_IDENTIFIER = HSE.HackSpace;
				PRODUCT_NAME = "$(TARGET_NAME)";
				SWIFT_VERSION = 4.2;
				TARGETED_DEVICE_FAMILY = "1,2";
			};
			name = Release;
		};
/* End XCBuildConfiguration section */

/* Begin XCConfigurationList section */
		76487A3F221DEB87000361F1 /* Build configuration list for PBXProject "HackSpace" */ = {
			isa = XCConfigurationList;
			buildConfigurations = (
				76487A57221DEB88000361F1 /* Debug */,
				76487A58221DEB88000361F1 /* Release */,
			);
			defaultConfigurationIsVisible = 0;
			defaultConfigurationName = Release;
		};
		76487A59221DEB88000361F1 /* Build configuration list for PBXNativeTarget "HackSpace" */ = {
			isa = XCConfigurationList;
			buildConfigurations = (
				76487A5A221DEB88000361F1 /* Debug */,
				76487A5B221DEB88000361F1 /* Release */,
			);
			defaultConfigurationIsVisible = 0;
			defaultConfigurationName = Release;
		};
/* End XCConfigurationList section */

/* Begin XCVersionGroup section */
		76487A4E221DEB87000361F1 /* HackSpace.xcdatamodeld */ = {
			isa = XCVersionGroup;
			children = (
				76487A4F221DEB87000361F1 /* HackSpace.xcdatamodel */,
			);
			currentVersion = 76487A4F221DEB87000361F1 /* HackSpace.xcdatamodel */;
			path = HackSpace.xcdatamodeld;
			sourceTree = "<group>";
			versionGroupType = wrapper.xcdatamodel;
		};
/* End XCVersionGroup section */
	};
	rootObject = 76487A3C221DEB87000361F1 /* Project object */;
}
